
Microsoft Visual Studio Solution File, Format Version 12.00
# Visual Studio 15
VisualStudioVersion = 15.0.27703.2042
MinimumVisualStudioVersion = 10.0.40219.1
Project("{FAE04EC0-301F-11D3-BF4B-00C04F79EFBC}") = "Tain.AntSim4", "AntSim4\Tain.AntSim4.csproj", "{FCF38EAD-4D86-472F-A359-02D444574B8C}"
EndProject
Project("{FAE04EC0-301F-11D3-BF4B-00C04F79EFBC}") = "Tain.AntSim4GUI", "WindowsFormsApp2\Tain.AntSim4GUI.csproj", "{404AD5B6-8E57-4A65-B7BC-8EB700D78905}"
EndProject
Global
	GlobalSection(SolutionConfigurationPlatforms) = preSolution
		Debug|Any CPU = Debug|Any CPU
		Release|Any CPU = Release|Any CPU
	EndGlobalSection
	GlobalSection(ProjectConfigurationPlatforms) = postSolution
		{FCF38EAD-4D86-472F-A359-02D444574B8C}.Debug|Any CPU.ActiveCfg = Debug|Any CPU
		{FCF38EAD-4D86-472F-A359-02D444574B8C}.Debug|Any CPU.Build.0 = Debug|Any CPU
		{FCF38EAD-4D86-472F-A359-02D444574B8C}.Release|Any CPU.ActiveCfg = Release|Any CPU
		{FCF38EAD-4D86-472F-A359-02D444574B8C}.Release|Any CPU.Build.0 = Release|Any CPU
		{404AD5B6-8E57-4A65-B7BC-8EB700D78905}.Debug|Any CPU.ActiveCfg = Debug|Any CPU
		{404AD5B6-8E57-4A65-B7BC-8EB700D78905}.Debug|Any CPU.Build.0 = Debug|Any CPU
		{404AD5B6-8E57-4A65-B7BC-8EB700D78905}.Release|Any CPU.ActiveCfg = Release|Any CPU
		{404AD5B6-8E57-4A65-B7BC-8EB700D78905}.Release|Any CPU.Build.0 = Release|Any CPU
	EndGlobalSection
	GlobalSection(SolutionProperties) = preSolution
		HideSolutionNode = FALSE
	EndGlobalSection
	GlobalSection(ExtensibilityGlobals) = postSolution
		SolutionGuid = {CF831676-DB90-40CE-9C3E-2F2C32747EAD}
	EndGlobalSection
EndGlobal
